
Microsoft Visual Studio Solution File, Format Version 12.00
# Visual Studio Version 17
VisualStudioVersion = 17.9.34902.65
MinimumVisualStudioVersion = 10.0.40219.1
Project("{9A19103F-16F7-4668-BE54-9A1E7A4F7556}") = "BingSearchAutomation", "BingSearchAutomation\BingSearchAutomation.csproj", "{BED069AC-09FD-4361-A6D4-907582BD298C}"
EndProject
Project("{9A19103F-16F7-4668-BE54-9A1E7A4F7556}") = "BingSearchMaui", "BingSearchMaui\BingSearchMaui.csproj", "{C770EBE5-9846-4A7E-BCF3-897CB475C326}"
EndProject
Project("{9A19103F-16F7-4668-BE54-9A1E7A4F7556}") = "BingSearchForm", "BingSearchForm\BingSearchForm.csproj", "{70DE48CF-42F4-4847-AC38-0001DB059514}"
EndProject
Project("{9A19103F-16F7-4668-BE54-9A1E7A4F7556}") = "BingSearchWinUI3", "BingSearchWinUI3\BingSearchWinUI3.csproj", "{5ADC274D-8014-4E18-94D9-E5FC6D5E6215}"
EndProject
Project("{FAE04EC0-301F-11D3-BF4B-00C04F79EFBC}") = "BingSearchCommon", "BingSearchCommon\BingSearchCommon.csproj", "{66058DC9-FA8B-4292-B166-E7CCF7170037}"
EndProject
Global
	GlobalSection(SolutionConfigurationPlatforms) = preSolution
		Debug|Any CPU = Debug|Any CPU
		Debug|ARM64 = Debug|ARM64
		Debug|x64 = Debug|x64
		Debug|x86 = Debug|x86
		Release|Any CPU = Release|Any CPU
		Release|ARM64 = Release|ARM64
		Release|x64 = Release|x64
		Release|x86 = Release|x86
	EndGlobalSection
	GlobalSection(ProjectConfigurationPlatforms) = postSolution
		{BED069AC-09FD-4361-A6D4-907582BD298C}.Debug|Any CPU.ActiveCfg = Debug|Any CPU
		{BED069AC-09FD-4361-A6D4-907582BD298C}.Debug|Any CPU.Build.0 = Debug|Any CPU
		{BED069AC-09FD-4361-A6D4-907582BD298C}.Debug|ARM64.ActiveCfg = Debug|Any CPU
		{BED069AC-09FD-4361-A6D4-907582BD298C}.Debug|ARM64.Build.0 = Debug|Any CPU
		{BED069AC-09FD-4361-A6D4-907582BD298C}.Debug|x64.ActiveCfg = Debug|Any CPU
		{BED069AC-09FD-4361-A6D4-907582BD298C}.Debug|x64.Build.0 = Debug|Any CPU
		{BED069AC-09FD-4361-A6D4-907582BD298C}.Debug|x86.ActiveCfg = Debug|Any CPU
		{BED069AC-09FD-4361-A6D4-907582BD298C}.Debug|x86.Build.0 = Debug|Any CPU
		{BED069AC-09FD-4361-A6D4-907582BD298C}.Release|Any CPU.ActiveCfg = Release|Any CPU
		{BED069AC-09FD-4361-A6D4-907582BD298C}.Release|Any CPU.Build.0 = Release|Any CPU
		{BED069AC-09FD-4361-A6D4-907582BD298C}.Release|ARM64.ActiveCfg = Release|Any CPU
		{BED069AC-09FD-4361-A6D4-907582BD298C}.Release|ARM64.Build.0 = Release|Any CPU
		{BED069AC-09FD-4361-A6D4-907582BD298C}.Release|x64.ActiveCfg = Release|Any CPU
		{BED069AC-09FD-4361-A6D4-907582BD298C}.Release|x64.Build.0 = Release|Any CPU
		{BED069AC-09FD-4361-A6D4-907582BD298C}.Release|x86.ActiveCfg = Release|Any CPU
		{BED069AC-09FD-4361-A6D4-907582BD298C}.Release|x86.Build.0 = Release|Any CPU
		{C770EBE5-9846-4A7E-BCF3-897CB475C326}.Debug|Any CPU.ActiveCfg = Debug|Any CPU
		{C770EBE5-9846-4A7E-BCF3-897CB475C326}.Debug|Any CPU.Build.0 = Debug|Any CPU
		{C770EBE5-9846-4A7E-BCF3-897CB475C326}.Debug|Any CPU.Deploy.0 = Debug|Any CPU
		{C770EBE5-9846-4A7E-BCF3-897CB475C326}.Debug|ARM64.ActiveCfg = Debug|Any CPU
		{C770EBE5-9846-4A7E-BCF3-897CB475C326}.Debug|ARM64.Build.0 = Debug|Any CPU
		{C770EBE5-9846-4A7E-BCF3-897CB475C326}.Debug|ARM64.Deploy.0 = Debug|Any CPU
		{C770EBE5-9846-4A7E-BCF3-897CB475C326}.Debug|x64.ActiveCfg = Debug|Any CPU
		{C770EBE5-9846-4A7E-BCF3-897CB475C326}.Debug|x64.Build.0 = Debug|Any CPU
		{C770EBE5-9846-4A7E-BCF3-897CB475C326}.Debug|x64.Deploy.0 = Debug|Any CPU
		{C770EBE5-9846-4A7E-BCF3-897CB475C326}.Debug|x86.ActiveCfg = Debug|Any CPU
		{C770EBE5-9846-4A7E-BCF3-897CB475C326}.Debug|x86.Build.0 = Debug|Any CPU
		{C770EBE5-9846-4A7E-BCF3-897CB475C326}.Debug|x86.Deploy.0 = Debug|Any CPU
		{C770EBE5-9846-4A7E-BCF3-897CB475C326}.Release|Any CPU.ActiveCfg = Release|Any CPU
		{C770EBE5-9846-4A7E-BCF3-897CB475C326}.Release|Any CPU.Build.0 = Release|Any CPU
		{C770EBE5-9846-4A7E-BCF3-897CB475C326}.Release|Any CPU.Deploy.0 = Release|Any CPU
		{C770EBE5-9846-4A7E-BCF3-897CB475C326}.Release|ARM64.ActiveCfg = Release|Any CPU
		{C770EBE5-9846-4A7E-BCF3-897CB475C326}.Release|ARM64.Build.0 = Release|Any CPU
		{C770EBE5-9846-4A7E-BCF3-897CB475C326}.Release|ARM64.Deploy.0 = Release|Any CPU
		{C770EBE5-9846-4A7E-BCF3-897CB475C326}.Release|x64.ActiveCfg = Release|Any CPU
		{C770EBE5-9846-4A7E-BCF3-897CB475C326}.Release|x64.Build.0 = Release|Any CPU
		{C770EBE5-9846-4A7E-BCF3-897CB475C326}.Release|x64.Deploy.0 = Release|Any CPU
		{C770EBE5-9846-4A7E-BCF3-897CB475C326}.Release|x86.ActiveCfg = Release|Any CPU
		{C770EBE5-9846-4A7E-BCF3-897CB475C326}.Release|x86.Build.0 = Release|Any CPU
		{C770EBE5-9846-4A7E-BCF3-897CB475C326}.Release|x86.Deploy.0 = Release|Any CPU
		{70DE48CF-42F4-4847-AC38-0001DB059514}.Debug|Any CPU.ActiveCfg = Debug|Any CPU
		{70DE48CF-42F4-4847-AC38-0001DB059514}.Debug|Any CPU.Build.0 = Debug|Any CPU
		{70DE48CF-42F4-4847-AC38-0001DB059514}.Debug|ARM64.ActiveCfg = Debug|Any CPU
		{70DE48CF-42F4-4847-AC38-0001DB059514}.Debug|ARM64.Build.0 = Debug|Any CPU
		{70DE48CF-42F4-4847-AC38-0001DB059514}.Debug|x64.ActiveCfg = Debug|Any CPU
		{70DE48CF-42F4-4847-AC38-0001DB059514}.Debug|x64.Build.0 = Debug|Any CPU
		{70DE48CF-42F4-4847-AC38-0001DB059514}.Debug|x86.ActiveCfg = Debug|Any CPU
		{70DE48CF-42F4-4847-AC38-0001DB059514}.Debug|x86.Build.0 = Debug|Any CPU
		{70DE48CF-42F4-4847-AC38-0001DB059514}.Release|Any CPU.ActiveCfg = Release|Any CPU
		{70DE48CF-42F4-4847-AC38-0001DB059514}.Release|Any CPU.Build.0 = Release|Any CPU
		{70DE48CF-42F4-4847-AC38-0001DB059514}.Release|ARM64.ActiveCfg = Release|Any CPU
		{70DE48CF-42F4-4847-AC38-0001DB059514}.Release|ARM64.Build.0 = Release|Any CPU
		{70DE48CF-42F4-4847-AC38-0001DB059514}.Release|x64.ActiveCfg = Release|Any CPU
		{70DE48CF-42F4-4847-AC38-0001DB059514}.Release|x64.Build.0 = Release|Any CPU
		{70DE48CF-42F4-4847-AC38-0001DB059514}.Release|x86.ActiveCfg = Release|Any CPU
		{70DE48CF-42F4-4847-AC38-0001DB059514}.Release|x86.Build.0 = Release|Any CPU
		{5ADC274D-8014-4E18-94D9-E5FC6D5E6215}.Debug|Any CPU.ActiveCfg = Debug|x64
		{5ADC274D-8014-4E18-94D9-E5FC6D5E6215}.Debug|Any CPU.Build.0 = Debug|x64
		{5ADC274D-8014-4E18-94D9-E5FC6D5E6215}.Debug|Any CPU.Deploy.0 = Debug|x64
		{5ADC274D-8014-4E18-94D9-E5FC6D5E6215}.Debug|ARM64.ActiveCfg = Debug|ARM64
		{5ADC274D-8014-4E18-94D9-E5FC6D5E6215}.Debug|ARM64.Build.0 = Debug|ARM64
		{5ADC274D-8014-4E18-94D9-E5FC6D5E6215}.Debug|ARM64.Deploy.0 = Debug|ARM64
		{5ADC274D-8014-4E18-94D9-E5FC6D5E6215}.Debug|x64.ActiveCfg = Debug|x64
		{5ADC274D-8014-4E18-94D9-E5FC6D5E6215}.Debug|x64.Build.0 = Debug|x64
		{5ADC274D-8014-4E18-94D9-E5FC6D5E6215}.Debug|x64.Deploy.0 = Debug|x64
		{5ADC274D-8014-4E18-94D9-E5FC6D5E6215}.Debug|x86.ActiveCfg = Debug|x86
		{5ADC274D-8014-4E18-94D9-E5FC6D5E6215}.Debug|x86.Build.0 = Debug|x86
		{5ADC274D-8014-4E18-94D9-E5FC6D5E6215}.Debug|x86.Deploy.0 = Debug|x86
		{5ADC274D-8014-4E18-94D9-E5FC6D5E6215}.Release|Any CPU.ActiveCfg = Release|x64
		{5ADC274D-8014-4E18-94D9-E5FC6D5E6215}.Release|Any CPU.Build.0 = Release|x64
		{5ADC274D-8014-4E18-94D9-E5FC6D5E6215}.Release|Any CPU.Deploy.0 = Release|x64
		{5ADC274D-8014-4E18-94D9-E5FC6D5E6215}.Release|ARM64.ActiveCfg = Release|ARM64
		{5ADC274D-8014-4E18-94D9-E5FC6D5E6215}.Release|ARM64.Build.0 = Release|ARM64
		{5ADC274D-8014-4E18-94D9-E5FC6D5E6215}.Release|ARM64.Deploy.0 = Release|ARM64
		{5ADC274D-8014-4E18-94D9-E5FC6D5E6215}.Release|x64.ActiveCfg = Release|x64
		{5ADC274D-8014-4E18-94D9-E5FC6D5E6215}.Release|x64.Build.0 = Release|x64
		{5ADC274D-8014-4E18-94D9-E5FC6D5E6215}.Release|x64.Deploy.0 = Release|x64
		{5ADC274D-8014-4E18-94D9-E5FC6D5E6215}.Release|x86.ActiveCfg = Release|x86
		{5ADC274D-8014-4E18-94D9-E5FC6D5E6215}.Release|x86.Build.0 = Release|x86
		{5ADC274D-8014-4E18-94D9-E5FC6D5E6215}.Release|x86.Deploy.0 = Release|x86
		{66058DC9-FA8B-4292-B166-E7CCF7170037}.Debug|Any CPU.ActiveCfg = Debug|Any CPU
		{66058DC9-FA8B-4292-B166-E7CCF7170037}.Debug|Any CPU.Build.0 = Debug|Any CPU
		{66058DC9-FA8B-4292-B166-E7CCF7170037}.Debug|ARM64.ActiveCfg = Debug|Any CPU
		{66058DC9-FA8B-4292-B166-E7CCF7170037}.Debug|ARM64.Build.0 = Debug|Any CPU
		{66058DC9-FA8B-4292-B166-E7CCF7170037}.Debug|x64.ActiveCfg = Debug|Any CPU
		{66058DC9-FA8B-4292-B166-E7CCF7170037}.Debug|x64.Build.0 = Debug|Any CPU
		{66058DC9-FA8B-4292-B166-E7CCF7170037}.Debug|x86.ActiveCfg = Debug|Any CPU
		{66058DC9-FA8B-4292-B166-E7CCF7170037}.Debug|x86.Build.0 = Debug|Any CPU
		{66058DC9-FA8B-4292-B166-E7CCF7170037}.Release|Any CPU.ActiveCfg = Release|Any CPU
		{66058DC9-FA8B-4292-B166-E7CCF7170037}.Release|Any CPU.Build.0 = Release|Any CPU
		{66058DC9-FA8B-4292-B166-E7CCF7170037}.Release|ARM64.ActiveCfg = Release|Any CPU
		{66058DC9-FA8B-4292-B166-E7CCF7170037}.Release|ARM64.Build.0 = Release|Any CPU
		{66058DC9-FA8B-4292-B166-E7CCF7170037}.Release|x64.ActiveCfg = Release|Any CPU
		{66058DC9-FA8B-4292-B166-E7CCF7170037}.Release|x64.Build.0 = Release|Any CPU
		{66058DC9-FA8B-4292-B166-E7CCF7170037}.Release|x86.ActiveCfg = Release|Any CPU
		{66058DC9-FA8B-4292-B166-E7CCF7170037}.Release|x86.Build.0 = Release|Any CPU
	EndGlobalSection
	GlobalSection(SolutionProperties) = preSolution
		HideSolutionNode = FALSE
	EndGlobalSection
	GlobalSection(ExtensibilityGlobals) = postSolution
		SolutionGuid = {00B9C292-45DE-4828-8CCC-4BE87BD8D1AB}
	EndGlobalSection
EndGlobal
